# THIS IS AN AUTOGENERATED FILE. DO NOT EDIT THIS FILE DIRECTLY.
# yarn lockfile v1


"@babel/helper-string-parser@^7.25.9":
  version "7.25.9"
  resolved "http://r.npm.sankuai.com/@babel/helper-string-parser/download/@babel/helper-string-parser-7.25.9.tgz"
  integrity sha1-Gqu3Lucu01eJtLvK08ooYs5hTow=

"@babel/helper-validator-identifier@^7.25.9":
  version "7.25.9"
  resolved "http://r.npm.sankuai.com/@babel/helper-validator-identifier/download/@babel/helper-validator-identifier-7.25.9.tgz"
  integrity sha1-JLZOLD7HzTs8VHcpuNFocfIsvcc=

"@babel/parser@^7.25.3":
  version "7.26.10"
  resolved "http://r.npm.sankuai.com/@babel/parser/download/@babel/parser-7.26.10.tgz"
  integrity sha1-6b24LxS5ffZWmwsDjt1DaDnFd0k=
  dependencies:
    "@babel/types" "^7.26.10"

"@babel/types@^7.26.10":
  version "7.26.10"
  resolved "http://r.npm.sankuai.com/@babel/types/download/@babel/types-7.26.10.tgz"
  integrity sha1-OWOC9jNb1P62V0Hqz8gIIY+Fklk=
  dependencies:
    "@babel/helper-string-parser" "^7.25.9"
    "@babel/helper-validator-identifier" "^7.25.9"

"@esbuild/darwin-x64@0.21.5":
  version "0.21.5"
  resolved "http://r.npm.sankuai.com/@esbuild/darwin-x64/download/@esbuild/darwin-x64-0.21.5.tgz"
  integrity sha1-wTg4+lc3KDmr3dyR1xVCzuouHiI=

"@jridgewell/sourcemap-codec@^1.5.0":
  version "1.5.0"
  resolved "http://r.npm.sankuai.com/@jridgewell/sourcemap-codec/download/@jridgewell/sourcemap-codec-1.5.0.tgz"
  integrity sha1-MYi8snOkFLDSFf0ipYVAuYm5QJo=

"@rollup/rollup-darwin-x64@4.36.0":
  version "4.36.0"
  resolved "http://r.npm.sankuai.com/@rollup/rollup-darwin-x64/download/@rollup/rollup-darwin-x64-4.36.0.tgz"
  integrity sha1-DpYTVPsr8m1pGBDKYdyGHZoelLI=

"@types/estree@1.0.6":
  version "1.0.6"
  resolved "http://r.npm.sankuai.com/@types/estree/download/@types/estree-1.0.6.tgz"
  integrity sha1-Yo7/7q4gZKG055946B2Ht+X8e1A=

"@vant/popperjs@^1.3.0":
  version "1.3.0"
  resolved "http://r.npm.sankuai.com/@vant/popperjs/download/@vant/popperjs-1.3.0.tgz"
  integrity sha1-4O/wFxJLWyNS7zs2pt8GJ39EAPI=

"@vant/use@^1.6.0":
  version "1.6.0"
  resolved "http://r.npm.sankuai.com/@vant/use/download/@vant/use-1.6.0.tgz"
  integrity sha1-I33zCRYXJVUZVSyjEf/f6p3lkAE=

"@vitejs/plugin-vue@^4.5.2":
  version "4.6.2"
  resolved "http://r.npm.sankuai.com/@vitejs/plugin-vue/download/@vitejs/plugin-vue-4.6.2.tgz"
  integrity sha1-BX0t7ZTE5xuU6YFPktzZMGMXqkY=

"@vue/compiler-core@3.5.13":
  version "3.5.13"
  resolved "http://r.npm.sankuai.com/@vue/compiler-core/download/@vue/compiler-core-3.5.13.tgz"
  integrity sha1-sK5sQ0f2DAPoSaBdNOW/dHyb2gU=
  dependencies:
    "@babel/parser" "^7.25.3"
    "@vue/shared" "3.5.13"
    entities "^4.5.0"
    estree-walker "^2.0.2"
    source-map-js "^1.2.0"

"@vue/compiler-dom@3.5.13":
  version "3.5.13"
  resolved "http://r.npm.sankuai.com/@vue/compiler-dom/download/@vue/compiler-dom-3.5.13.tgz"
  integrity sha1-uxuHWNvFQrNljdqXO5ihyTEailg=
  dependencies:
    "@vue/compiler-core" "3.5.13"
    "@vue/shared" "3.5.13"

"@vue/compiler-sfc@3.5.13":
  version "3.5.13"
  resolved "http://r.npm.sankuai.com/@vue/compiler-sfc/download/@vue/compiler-sfc-3.5.13.tgz"
  integrity sha1-Rh+L00O1wG+sQYnE/vivMt6oK0Y=
  dependencies:
    "@babel/parser" "^7.25.3"
    "@vue/compiler-core" "3.5.13"
    "@vue/compiler-dom" "3.5.13"
    "@vue/compiler-ssr" "3.5.13"
    "@vue/shared" "3.5.13"
    estree-walker "^2.0.2"
    magic-string "^0.30.11"
    postcss "^8.4.48"
    source-map-js "^1.2.0"

"@vue/compiler-ssr@3.5.13":
  version "3.5.13"
  resolved "http://r.npm.sankuai.com/@vue/compiler-ssr/download/@vue/compiler-ssr-3.5.13.tgz"
  integrity sha1-53GtzKbT0AD5GkJ3yXKpltB/Q7o=
  dependencies:
    "@vue/compiler-dom" "3.5.13"
    "@vue/shared" "3.5.13"

"@vue/devtools-api@^6.6.4":
  version "6.6.4"
  resolved "http://r.npm.sankuai.com/@vue/devtools-api/download/@vue/devtools-api-6.6.4.tgz"
  integrity sha1-y+l/4BYrNl7cHbqA4XP5BJJTU0M=

"@vue/reactivity@3.5.13":
  version "3.5.13"
  resolved "http://r.npm.sankuai.com/@vue/reactivity/download/@vue/reactivity-3.5.13.tgz"
  integrity sha1-tB/yu4ZeCTiZoiIZ9bJfl7b+FV8=
  dependencies:
    "@vue/shared" "3.5.13"

"@vue/runtime-core@3.5.13":
  version "3.5.13"
  resolved "http://r.npm.sankuai.com/@vue/runtime-core/download/@vue/runtime-core-3.5.13.tgz"
  integrity sha1-H6+kvwuXrw692dv+mM1jDaNjpFU=
  dependencies:
    "@vue/reactivity" "3.5.13"
    "@vue/shared" "3.5.13"

"@vue/runtime-dom@3.5.13":
  version "3.5.13"
  resolved "http://r.npm.sankuai.com/@vue/runtime-dom/download/@vue/runtime-dom-3.5.13.tgz"
  integrity sha1-YQ/Hld6SRjAOiuiGWTDVNOEkYhU=
  dependencies:
    "@vue/reactivity" "3.5.13"
    "@vue/runtime-core" "3.5.13"
    "@vue/shared" "3.5.13"
    csstype "^3.1.3"

"@vue/server-renderer@3.5.13":
  version "3.5.13"
  resolved "http://r.npm.sankuai.com/@vue/server-renderer/download/@vue/server-renderer-3.5.13.tgz"
  integrity sha1-Qp6tYu5R3niWRsIu/pCOSJqtRvc=
  dependencies:
    "@vue/compiler-ssr" "3.5.13"
    "@vue/shared" "3.5.13"

"@vue/shared@^3.5.13", "@vue/shared@3.5.13":
  version "3.5.13"
  resolved "http://r.npm.sankuai.com/@vue/shared/download/@vue/shared-3.5.13.tgz"
  integrity sha1-h7MJpjecIrkm5paJMjeCb2Qzm28=

"@vueup/vue-quill@^1.2.0":
  version "1.2.0"
  resolved "http://r.npm.sankuai.com/@vueup/vue-quill/download/@vueup/vue-quill-1.2.0.tgz"
  integrity sha1-zQ2TVZJW0Gn2OXI92RwEToFixyo=
  dependencies:
    quill "^1.3.7"
    quill-delta "^4.2.2"

amfe-flexible@^2.2.1:
  version "2.2.1"
  resolved "http://r.npm.sankuai.com/amfe-flexible/download/amfe-flexible-2.2.1.tgz"
  integrity sha1-NT8AKJ5NOMqIoh6zhUQgMIrwtVk=

asynckit@^0.4.0:
  version "0.4.0"
  resolved "http://r.npm.sankuai.com/asynckit/download/asynckit-0.4.0.tgz"
  integrity sha1-x57Zf380y48robyXkLzDZkdLS3k=

axios@^1.6.3:
  version "1.8.4"
  resolved "http://r.npm.sankuai.com/axios/download/axios-1.8.4.tgz"
  integrity sha1-eJkLtLxj0srgcpUtN0g1lQqC9Ec=
  dependencies:
    follow-redirects "^1.15.6"
    form-data "^4.0.0"
    proxy-from-env "^1.1.0"

call-bind-apply-helpers@^1.0.0, call-bind-apply-helpers@^1.0.1, call-bind-apply-helpers@^1.0.2:
  version "1.0.2"
  resolved "http://r.npm.sankuai.com/call-bind-apply-helpers/download/call-bind-apply-helpers-1.0.2.tgz"
  integrity sha1-S1QowiK+mF15w9gmV0edvgtZstY=
  dependencies:
    es-errors "^1.3.0"
    function-bind "^1.1.2"

call-bind@^1.0.7, call-bind@^1.0.8:
  version "1.0.8"
  resolved "http://r.npm.sankuai.com/call-bind/download/call-bind-1.0.8.tgz"
  integrity sha1-BzapZg9TfjOIgm9EDV7EX3ROqkw=
  dependencies:
    call-bind-apply-helpers "^1.0.0"
    es-define-property "^1.0.0"
    get-intrinsic "^1.2.4"
    set-function-length "^1.2.2"

call-bound@^1.0.2:
  version "1.0.4"
  resolved "http://r.npm.sankuai.com/call-bound/download/call-bound-1.0.4.tgz"
  integrity sha1-I43pNdKippKSjFOMfM+pEGf9Bio=
  dependencies:
    call-bind-apply-helpers "^1.0.2"
    get-intrinsic "^1.3.0"

clone@^2.1.1:
  version "2.1.2"
  resolved "http://r.npm.sankuai.com/clone/download/clone-2.1.2.tgz"
  integrity sha1-G39Ln1kfHo+DZwQBYANFoCiHQ18=

combined-stream@^1.0.8:
  version "1.0.8"
  resolved "http://r.npm.sankuai.com/combined-stream/download/combined-stream-1.0.8.tgz"
  integrity sha1-w9RaizT9cwYxoRCoolIGgrMdWn8=
  dependencies:
    delayed-stream "~1.0.0"

copy-anything@^2.0.1:
  version "2.0.6"
  resolved "http://r.npm.sankuai.com/copy-anything/download/copy-anything-2.0.6.tgz"
  integrity sha1-CSRU6pWEp7etVXMGKyqH9ZAPxIA=
  dependencies:
    is-what "^3.14.1"

csstype@^3.1.3:
  version "3.1.3"
  resolved "http://r.npm.sankuai.com/csstype/download/csstype-3.1.3.tgz"
  integrity sha1-2A/ylNEU+w5qxQD7+FtgE31+/4E=

deep-equal@^1.0.1:
  version "1.1.2"
  resolved "http://r.npm.sankuai.com/deep-equal/download/deep-equal-1.1.2.tgz"
  integrity sha1-eKVht4MO7zE0x/bzo9avJypnh2E=
  dependencies:
    is-arguments "^1.1.1"
    is-date-object "^1.0.5"
    is-regex "^1.1.4"
    object-is "^1.1.5"
    object-keys "^1.1.1"
    regexp.prototype.flags "^1.5.1"

define-data-property@^1.0.1, define-data-property@^1.1.4:
  version "1.1.4"
  resolved "http://r.npm.sankuai.com/define-data-property/download/define-data-property-1.1.4.tgz"
  integrity sha1-iU3BQbt9MGCuQ2b2oBB+aPvkjF4=
  dependencies:
    es-define-property "^1.0.0"
    es-errors "^1.3.0"
    gopd "^1.0.1"

define-properties@^1.2.1:
  version "1.2.1"
  resolved "http://r.npm.sankuai.com/define-properties/download/define-properties-1.2.1.tgz"
  integrity sha1-EHgcxhbrlRqAoDS6/Kpzd/avK2w=
  dependencies:
    define-data-property "^1.0.1"
    has-property-descriptors "^1.0.0"
    object-keys "^1.1.1"

delayed-stream@~1.0.0:
  version "1.0.0"
  resolved "http://r.npm.sankuai.com/delayed-stream/download/delayed-stream-1.0.0.tgz"
  integrity sha1-3zrhmayt+31ECqrgsp4icrJOxhk=

dunder-proto@^1.0.1:
  version "1.0.1"
  resolved "http://r.npm.sankuai.com/dunder-proto/download/dunder-proto-1.0.1.tgz"
  integrity sha1-165mfh3INIL4tw/Q9u78UNow9Yo=
  dependencies:
    call-bind-apply-helpers "^1.0.1"
    es-errors "^1.3.0"
    gopd "^1.2.0"

entities@^4.5.0:
  version "4.5.0"
  resolved "http://r.npm.sankuai.com/entities/download/entities-4.5.0.tgz"
  integrity sha1-XSaOpecRPsdMTQM7eepaNaSI+0g=

errno@^0.1.1:
  version "0.1.8"
  resolved "http://r.npm.sankuai.com/errno/download/errno-0.1.8.tgz"
  integrity sha1-i7Ppx9Rjvkl2/4iPdrSAnrwugR8=
  dependencies:
    prr "~1.0.1"

es-define-property@^1.0.0, es-define-property@^1.0.1:
  version "1.0.1"
  resolved "http://r.npm.sankuai.com/es-define-property/download/es-define-property-1.0.1.tgz"
  integrity sha1-mD6y+aZyTpMD9hrd8BHHLgngsPo=

es-errors@^1.3.0:
  version "1.3.0"
  resolved "http://r.npm.sankuai.com/es-errors/download/es-errors-1.3.0.tgz"
  integrity sha1-BfdaJdq5jk+x3NXhRywFRtUFfI8=

es-object-atoms@^1.0.0, es-object-atoms@^1.1.1:
  version "1.1.1"
  resolved "http://r.npm.sankuai.com/es-object-atoms/download/es-object-atoms-1.1.1.tgz"
  integrity sha1-HE8sSDcydZfOadLKGQp/3RcjOME=
  dependencies:
    es-errors "^1.3.0"

es-set-tostringtag@^2.1.0:
  version "2.1.0"
  resolved "http://r.npm.sankuai.com/es-set-tostringtag/download/es-set-tostringtag-2.1.0.tgz"
  integrity sha1-8x274MGDsAptJutjJcgQwP0YvU0=
  dependencies:
    es-errors "^1.3.0"
    get-intrinsic "^1.2.6"
    has-tostringtag "^1.0.2"
    hasown "^2.0.2"

esbuild@^0.21.3:
  version "0.21.5"
  resolved "http://r.npm.sankuai.com/esbuild/download/esbuild-0.21.5.tgz"
  integrity sha1-nKMBsSCSKVm3ZjYNisgw2g0CmX0=
  optionalDependencies:
    "@esbuild/aix-ppc64" "0.21.5"
    "@esbuild/android-arm" "0.21.5"
    "@esbuild/android-arm64" "0.21.5"
    "@esbuild/android-x64" "0.21.5"
    "@esbuild/darwin-arm64" "0.21.5"
    "@esbuild/darwin-x64" "0.21.5"
    "@esbuild/freebsd-arm64" "0.21.5"
    "@esbuild/freebsd-x64" "0.21.5"
    "@esbuild/linux-arm" "0.21.5"
    "@esbuild/linux-arm64" "0.21.5"
    "@esbuild/linux-ia32" "0.21.5"
    "@esbuild/linux-loong64" "0.21.5"
    "@esbuild/linux-mips64el" "0.21.5"
    "@esbuild/linux-ppc64" "0.21.5"
    "@esbuild/linux-riscv64" "0.21.5"
    "@esbuild/linux-s390x" "0.21.5"
    "@esbuild/linux-x64" "0.21.5"
    "@esbuild/netbsd-x64" "0.21.5"
    "@esbuild/openbsd-x64" "0.21.5"
    "@esbuild/sunos-x64" "0.21.5"
    "@esbuild/win32-arm64" "0.21.5"
    "@esbuild/win32-ia32" "0.21.5"
    "@esbuild/win32-x64" "0.21.5"

estree-walker@^2.0.2:
  version "2.0.2"
  resolved "http://r.npm.sankuai.com/estree-walker/download/estree-walker-2.0.2.tgz"
  integrity sha1-UvAQF4wqTBF6d1fP6UKtt9LaTKw=

eventemitter3@^2.0.3:
  version "2.0.3"
  resolved "http://r.npm.sankuai.com/eventemitter3/download/eventemitter3-2.0.3.tgz"
  integrity sha1-teEHm1n7XhuidxwKmTvgYKWMmbo=

extend@^3.0.2:
  version "3.0.2"
  resolved "http://r.npm.sankuai.com/extend/download/extend-3.0.2.tgz"
  integrity sha1-+LETa0Bx+9jrFAr/hYsQGewpFfo=

fast-diff@1.1.2:
  version "1.1.2"
  resolved "http://r.npm.sankuai.com/fast-diff/download/fast-diff-1.1.2.tgz"
  integrity sha1-S2LEK44D3j+EhGC2OQeZIGldAVQ=

fast-diff@1.2.0:
  version "1.2.0"
  resolved "http://r.npm.sankuai.com/fast-diff/download/fast-diff-1.2.0.tgz"
  integrity sha1-c+4RmC2Gyq95WYKNUZz+kn+sXwM=

follow-redirects@^1.15.6:
  version "1.15.9"
  resolved "http://r.npm.sankuai.com/follow-redirects/download/follow-redirects-1.15.9.tgz"
  integrity sha1-pgT6EORDv5jKlCKNnuvMLoosjuE=

form-data@^4.0.0:
  version "4.0.2"
  resolved "http://r.npm.sankuai.com/form-data/download/form-data-4.0.2.tgz"
  integrity sha1-Ncq73TDDznPessQtPI0+2cpReUw=
  dependencies:
    asynckit "^0.4.0"
    combined-stream "^1.0.8"
    es-set-tostringtag "^2.1.0"
    mime-types "^2.1.12"

fsevents@~2.3.2, fsevents@~2.3.3:
  version "2.3.3"
  resolved "http://r.npm.sankuai.com/fsevents/download/fsevents-2.3.3.tgz"
  integrity sha1-ysZAd4XQNnWipeGlMFxpezR9kNY=

function-bind@^1.1.2:
  version "1.1.2"
  resolved "http://r.npm.sankuai.com/function-bind/download/function-bind-1.1.2.tgz"
  integrity sha1-LALYZNl/PqbIgwxGTL0Rq26rehw=

functions-have-names@^1.2.3:
  version "1.2.3"
  resolved "http://r.npm.sankuai.com/functions-have-names/download/functions-have-names-1.2.3.tgz"
  integrity sha1-BAT+TuK6L2B/Dg7DyAuumUEzuDQ=

get-intrinsic@^1.2.4, get-intrinsic@^1.2.6, get-intrinsic@^1.3.0:
  version "1.3.0"
  resolved "http://r.npm.sankuai.com/get-intrinsic/download/get-intrinsic-1.3.0.tgz"
  integrity sha1-dD8OO2lkqTpUke0b/6rgVNf5jQE=
  dependencies:
    call-bind-apply-helpers "^1.0.2"
    es-define-property "^1.0.1"
    es-errors "^1.3.0"
    es-object-atoms "^1.1.1"
    function-bind "^1.1.2"
    get-proto "^1.0.1"
    gopd "^1.2.0"
    has-symbols "^1.1.0"
    hasown "^2.0.2"
    math-intrinsics "^1.1.0"

get-proto@^1.0.1:
  version "1.0.1"
  resolved "http://r.npm.sankuai.com/get-proto/download/get-proto-1.0.1.tgz"
  integrity sha1-FQs/J0OGnvPoUewMSdFbHRTQDuE=
  dependencies:
    dunder-proto "^1.0.1"
    es-object-atoms "^1.0.0"

gopd@^1.0.1, gopd@^1.2.0:
  version "1.2.0"
  resolved "http://r.npm.sankuai.com/gopd/download/gopd-1.2.0.tgz"
  integrity sha1-ifVrghe9vIgCvSmd9tfxCB1+UaE=

graceful-fs@^4.1.2:
  version "4.2.11"
  resolved "http://r.npm.sankuai.com/graceful-fs/download/graceful-fs-4.2.11.tgz"
  integrity sha1-QYPk6L8Iu24Fu7L30uDI9xLKQOM=

has-property-descriptors@^1.0.0, has-property-descriptors@^1.0.2:
  version "1.0.2"
  resolved "http://r.npm.sankuai.com/has-property-descriptors/download/has-property-descriptors-1.0.2.tgz"
  integrity sha1-lj7X0HHce/XwhMW/vg0bYiJYaFQ=
  dependencies:
    es-define-property "^1.0.0"

has-symbols@^1.0.3, has-symbols@^1.1.0:
  version "1.1.0"
  resolved "http://r.npm.sankuai.com/has-symbols/download/has-symbols-1.1.0.tgz"
  integrity sha1-/JxqeDoISVHQuXH+EBjegTcHozg=

has-tostringtag@^1.0.2:
  version "1.0.2"
  resolved "http://r.npm.sankuai.com/has-tostringtag/download/has-tostringtag-1.0.2.tgz"
  integrity sha1-LNxC1AvvLltO6rfAGnPFTOerWrw=
  dependencies:
    has-symbols "^1.0.3"

hasown@^2.0.2:
  version "2.0.2"
  resolved "http://r.npm.sankuai.com/hasown/download/hasown-2.0.2.tgz"
  integrity sha1-AD6vkb563DcuhOxZ3DclLO24AAM=
  dependencies:
    function-bind "^1.1.2"

iconv-lite@^0.6.3:
  version "0.6.3"
  resolved "http://r.npm.sankuai.com/iconv-lite/download/iconv-lite-0.6.3.tgz"
  integrity sha1-pS+AvzjaGVLrXGgXkHGYcaGnJQE=
  dependencies:
    safer-buffer ">= 2.1.2 < 3.0.0"

image-size@~0.5.0:
  version "0.5.5"
  resolved "http://r.npm.sankuai.com/image-size/download/image-size-0.5.5.tgz"
  integrity sha1-Cd/Uq50g4p6xw+gLiZA3jfnjy5w=

is-arguments@^1.1.1:
  version "1.2.0"
  resolved "http://r.npm.sankuai.com/is-arguments/download/is-arguments-1.2.0.tgz"
  integrity sha1-rVjGrs9WO3jvK/BN9UDaj119jhs=
  dependencies:
    call-bound "^1.0.2"
    has-tostringtag "^1.0.2"

is-date-object@^1.0.5:
  version "1.1.0"
  resolved "http://r.npm.sankuai.com/is-date-object/download/is-date-object-1.1.0.tgz"
  integrity sha1-rYVUGZb8eqiycpcB0ntzGfldgvc=
  dependencies:
    call-bound "^1.0.2"
    has-tostringtag "^1.0.2"

is-regex@^1.1.4:
  version "1.2.1"
  resolved "http://r.npm.sankuai.com/is-regex/download/is-regex-1.2.1.tgz"
  integrity sha1-dtcKPtEO+b5I61d4h9dCBb8MrSI=
  dependencies:
    call-bound "^1.0.2"
    gopd "^1.2.0"
    has-tostringtag "^1.0.2"
    hasown "^2.0.2"

is-what@^3.14.1:
  version "3.14.1"
  resolved "http://r.npm.sankuai.com/is-what/download/is-what-3.14.1.tgz"
  integrity sha1-4SIvRt3ahd6tD9HJ3xMXYOd3VcE=

less@*, less@^4.2.0:
  version "4.2.2"
  resolved "http://r.npm.sankuai.com/less/download/less-4.2.2.tgz"
  integrity sha1-S1nt4ROTO1irFSGQ7fkYD8NoRtg=
  dependencies:
    copy-anything "^2.0.1"
    parse-node-version "^1.0.1"
    tslib "^2.3.0"
  optionalDependencies:
    errno "^0.1.1"
    graceful-fs "^4.1.2"
    image-size "~0.5.0"
    make-dir "^2.1.0"
    mime "^1.4.1"
    needle "^3.1.0"
    source-map "~0.6.0"

lodash.clonedeep@^4.5.0:
  version "4.5.0"
  resolved "http://r.npm.sankuai.com/lodash.clonedeep/download/lodash.clonedeep-4.5.0.tgz"
  integrity sha1-4j8/nE+Pvd6HJSnBBxhXoIblzO8=

lodash.isequal@^4.5.0:
  version "4.5.0"
  resolved "http://r.npm.sankuai.com/lodash.isequal/download/lodash.isequal-4.5.0.tgz"
  integrity sha1-QVxEePK8wwEgwizhDtMib30+GOA=

magic-string@^0.30.11:
  version "0.30.17"
  resolved "http://r.npm.sankuai.com/magic-string/download/magic-string-0.30.17.tgz"
  integrity sha1-RQpElnPSRg5bvPupphkWoXFMdFM=
  dependencies:
    "@jridgewell/sourcemap-codec" "^1.5.0"

make-dir@^2.1.0:
  version "2.1.0"
  resolved "http://r.npm.sankuai.com/make-dir/download/make-dir-2.1.0.tgz"
  integrity sha1-XwMQ4YuL6JjMBwCSlaMK5B6R5vU=
  dependencies:
    pify "^4.0.1"
    semver "^5.6.0"

math-intrinsics@^1.1.0:
  version "1.1.0"
  resolved "http://r.npm.sankuai.com/math-intrinsics/download/math-intrinsics-1.1.0.tgz"
  integrity sha1-oN10voHiqlwvJ+Zc4oNgXuTit/k=

mime-db@1.52.0:
  version "1.52.0"
  resolved "http://r.npm.sankuai.com/mime-db/download/mime-db-1.52.0.tgz"
  integrity sha1-u6vNwChZ9JhzAchW4zh85exDv3A=

mime-types@^2.1.12:
  version "2.1.35"
  resolved "http://r.npm.sankuai.com/mime-types/download/mime-types-2.1.35.tgz"
  integrity sha1-OBqHG2KnNEUGYK497uRIE/cNlZo=
  dependencies:
    mime-db "1.52.0"

mime@^1.4.1:
  version "1.6.0"
  resolved "http://r.npm.sankuai.com/mime/download/mime-1.6.0.tgz"
  integrity sha1-Ms2eXGRVO9WNGaVor0Uqz/BJgbE=

nanoid@^3.3.8:
  version "3.3.11"
  resolved "http://r.npm.sankuai.com/nanoid/download/nanoid-3.3.11.tgz"
  integrity sha1-T08RLO++MDIC8hmYOBKJNiZtGFs=

needle@^3.1.0:
  version "3.3.1"
  resolved "http://r.npm.sankuai.com/needle/download/needle-3.3.1.tgz"
  integrity sha1-Y/da7FgMLnfiCfPzJOLN89Kb0Ek=
  dependencies:
    iconv-lite "^0.6.3"
    sax "^1.2.4"

object-is@^1.1.5:
  version "1.1.6"
  resolved "http://r.npm.sankuai.com/object-is/download/object-is-1.1.6.tgz"
  integrity sha1-GmpTrtLdj35ndf+HC+pYVFlWqwc=
  dependencies:
    call-bind "^1.0.7"
    define-properties "^1.2.1"

object-keys@^1.1.1:
  version "1.1.1"
  resolved "http://r.npm.sankuai.com/object-keys/download/object-keys-1.1.1.tgz"
  integrity sha1-HEfyct8nfzsdrwYWd9nILiMixg4=

parchment@^1.1.4:
  version "1.1.4"
  resolved "http://r.npm.sankuai.com/parchment/download/parchment-1.1.4.tgz"
  integrity sha1-rt7Xq5OP6SHUw0vDOc4RaLwv/eU=

parse-node-version@^1.0.1:
  version "1.0.1"
  resolved "http://r.npm.sankuai.com/parse-node-version/download/parse-node-version-1.0.1.tgz"
  integrity sha1-4rXb7eAOf6m8NjYH9TMn6LBzGJs=

picocolors@^1.1.1:
  version "1.1.1"
  resolved "http://r.npm.sankuai.com/picocolors/download/picocolors-1.1.1.tgz"
  integrity sha1-PTIa8+q5ObCDyPkpodEs2oHCa2s=

pify@^4.0.1:
  version "4.0.1"
  resolved "http://r.npm.sankuai.com/pify/download/pify-4.0.1.tgz"
  integrity sha1-SyzSXFDVmHNcUCkiJP2MbfQeMjE=

postcss@^8.4.43, postcss@^8.4.48:
  version "8.5.3"
  resolved "http://r.npm.sankuai.com/postcss/download/postcss-8.5.3.tgz"
  integrity sha1-FGO28cf7Fv4lhzbLopot41I36vs=
  dependencies:
    nanoid "^3.3.8"
    picocolors "^1.1.1"
    source-map-js "^1.2.1"

proxy-from-env@^1.1.0:
  version "1.1.0"
  resolved "http://r.npm.sankuai.com/proxy-from-env/download/proxy-from-env-1.1.0.tgz"
  integrity sha1-4QLxbKNVQkhldV0sno6k8k1Yw+I=

prr@~1.0.1:
  version "1.0.1"
  resolved "http://r.npm.sankuai.com/prr/download/prr-1.0.1.tgz"
  integrity sha1-0/wRS6BplaRexok/SEzrHXj19HY=

quill-delta@^3.6.2:
  version "3.6.3"
  resolved "http://r.npm.sankuai.com/quill-delta/download/quill-delta-3.6.3.tgz"
  integrity sha1-sZ/SuJQSMBxg4f8hPY2GDqwPEDI=
  dependencies:
    deep-equal "^1.0.1"
    extend "^3.0.2"
    fast-diff "1.1.2"

quill-delta@^4.2.2:
  version "4.2.2"
  resolved "http://r.npm.sankuai.com/quill-delta/download/quill-delta-4.2.2.tgz"
  integrity sha1-AVOX0Ebgo77Qh82KUfmMEaG481E=
  dependencies:
    fast-diff "1.2.0"
    lodash.clonedeep "^4.5.0"
    lodash.isequal "^4.5.0"

quill@^1.3.7:
  version "1.3.7"
  resolved "http://r.npm.sankuai.com/quill/download/quill-1.3.7.tgz"
  integrity sha1-2lsvOixHDpMjQM2/NmjJ8h+Shug=
  dependencies:
    clone "^2.1.1"
    deep-equal "^1.0.1"
    eventemitter3 "^2.0.3"
    extend "^3.0.2"
    parchment "^1.1.4"
    quill-delta "^3.6.2"

regexp.prototype.flags@^1.5.1:
  version "1.5.4"
  resolved "http://r.npm.sankuai.com/regexp.prototype.flags/download/regexp.prototype.flags-1.5.4.tgz"
  integrity sha1-GtbGLUSiWQB+VbOXDgD3Ru+8qhk=
  dependencies:
    call-bind "^1.0.8"
    define-properties "^1.2.1"
    es-errors "^1.3.0"
    get-proto "^1.0.1"
    gopd "^1.2.0"
    set-function-name "^2.0.2"

rollup@^4.20.0:
  version "4.36.0"
  resolved "http://r.npm.sankuai.com/rollup/download/rollup-4.36.0.tgz"
  integrity sha1-9A9NtHujtPWEbTKkflgMDtfNjwI=
  dependencies:
    "@types/estree" "1.0.6"
  optionalDependencies:
    "@rollup/rollup-android-arm-eabi" "4.36.0"
    "@rollup/rollup-android-arm64" "4.36.0"
    "@rollup/rollup-darwin-arm64" "4.36.0"
    "@rollup/rollup-darwin-x64" "4.36.0"
    "@rollup/rollup-freebsd-arm64" "4.36.0"
    "@rollup/rollup-freebsd-x64" "4.36.0"
    "@rollup/rollup-linux-arm-gnueabihf" "4.36.0"
    "@rollup/rollup-linux-arm-musleabihf" "4.36.0"
    "@rollup/rollup-linux-arm64-gnu" "4.36.0"
    "@rollup/rollup-linux-arm64-musl" "4.36.0"
    "@rollup/rollup-linux-loongarch64-gnu" "4.36.0"
    "@rollup/rollup-linux-powerpc64le-gnu" "4.36.0"
    "@rollup/rollup-linux-riscv64-gnu" "4.36.0"
    "@rollup/rollup-linux-s390x-gnu" "4.36.0"
    "@rollup/rollup-linux-x64-gnu" "4.36.0"
    "@rollup/rollup-linux-x64-musl" "4.36.0"
    "@rollup/rollup-win32-arm64-msvc" "4.36.0"
    "@rollup/rollup-win32-ia32-msvc" "4.36.0"
    "@rollup/rollup-win32-x64-msvc" "4.36.0"
    fsevents "~2.3.2"

"safer-buffer@>= 2.1.2 < 3.0.0":
  version "2.1.2"
  resolved "http://r.npm.sankuai.com/safer-buffer/download/safer-buffer-2.1.2.tgz"
  integrity sha1-RPoWGwGHuVSd2Eu5GAL5vYOFzWo=

sax@^1.2.4:
  version "1.4.1"
  resolved "http://r.npm.sankuai.com/sax/download/sax-1.4.1.tgz"
  integrity sha1-RMyJiDd/EmME07P8EBDHM7kp7w8=

semver@^5.6.0:
  version "5.7.2"
  resolved "http://r.npm.sankuai.com/semver/download/semver-5.7.2.tgz"
  integrity sha1-SNVdtzfDKHzUg14X+hP+rOHEHvg=

set-function-length@^1.2.2:
  version "1.2.2"
  resolved "http://r.npm.sankuai.com/set-function-length/download/set-function-length-1.2.2.tgz"
  integrity sha1-qscjFBmOrtl1z3eyw7a4gGleVEk=
  dependencies:
    define-data-property "^1.1.4"
    es-errors "^1.3.0"
    function-bind "^1.1.2"
    get-intrinsic "^1.2.4"
    gopd "^1.0.1"
    has-property-descriptors "^1.0.2"

set-function-name@^2.0.2:
  version "2.0.2"
  resolved "http://r.npm.sankuai.com/set-function-name/download/set-function-name-2.0.2.tgz"
  integrity sha1-FqcFxaDcL15jjKltiozU4cK5CYU=
  dependencies:
    define-data-property "^1.1.4"
    es-errors "^1.3.0"
    functions-have-names "^1.2.3"
    has-property-descriptors "^1.0.2"

source-map-js@^1.2.0, source-map-js@^1.2.1:
  version "1.2.1"
  resolved "http://r.npm.sankuai.com/source-map-js/download/source-map-js-1.2.1.tgz"
  integrity sha1-HOVlD93YerwJnto33P8CTCZnrkY=

source-map@~0.6.0:
  version "0.6.1"
  resolved "http://r.npm.sankuai.com/source-map/download/source-map-0.6.1.tgz"
  integrity sha1-dHIq8y6WFOnCh6jQu95IteLxomM=

tslib@^2.3.0:
  version "2.8.1"
  resolved "http://r.npm.sankuai.com/tslib/download/tslib-2.8.1.tgz"
  integrity sha1-YS7+TtI11Wfoq6Xypfq3AoCt6D8=

vant@^4.8.1:
  version "4.9.18"
  resolved "http://r.npm.sankuai.com/vant/download/vant-4.9.18.tgz"
  integrity sha1-Isj2rh42KkV+oWouGqGjRUrWDz8=
  dependencies:
    "@vant/popperjs" "^1.3.0"
    "@vant/use" "^1.6.0"
    "@vue/shared" "^3.5.13"

"vite@^4.0.0 || ^5.0.0", vite@^5.0.8:
  version "5.4.14"
  resolved "http://r.npm.sankuai.com/vite/download/vite-5.4.14.tgz"
  integrity sha1-/4JV7bAhNN8YDc/KGRbDemq+hAg=
  dependencies:
    esbuild "^0.21.3"
    postcss "^8.4.43"
    rollup "^4.20.0"
  optionalDependencies:
    fsevents "~2.3.3"

vue-router@4:
  version "4.5.0"
  resolved "http://r.npm.sankuai.com/vue-router/download/vue-router-4.5.0.tgz"
  integrity sha1-WPxf43ThC2AY+RAyj3VsPa4IHxQ=
  dependencies:
    "@vue/devtools-api" "^6.6.4"

vue@^3.0.0, vue@^3.2.0, vue@^3.2.25, vue@^3.2.41, vue@^3.3.11, vue@3.5.13:
  version "3.5.13"
  resolved "http://r.npm.sankuai.com/vue/download/vue-3.5.13.tgz"
  integrity sha1-n3YKGpgrCcDASoZ5A/wznJ8p7Ao=
  dependencies:
    "@vue/compiler-dom" "3.5.13"
    "@vue/compiler-sfc" "3.5.13"
    "@vue/runtime-dom" "3.5.13"
    "@vue/server-renderer" "3.5.13"
    "@vue/shared" "3.5.13"
