# THIS IS AN AUTOGENERATED FILE. DO NOT EDIT THIS FILE DIRECTLY.
# yarn lockfile v1


"@hapi/bourne@^3.0.0":
  version "3.0.0"
  resolved "http://r.npm.sankuai.com/@hapi/bourne/download/@hapi/bourne-3.0.0.tgz"
  integrity sha1-8R/ffdpi/o4zb6fGZC2QQfMDVtc=

"@koa/router@^12.0.1":
  version "12.0.2"
  resolved "http://r.npm.sankuai.com/@koa/router/download/@koa/router-12.0.2.tgz"
  integrity sha1-KG1RlZ7WESVfqpRIGKES41Vng1o=
  dependencies:
    debug "^4.3.4"
    http-errors "^2.0.0"
    koa-compose "^4.1.0"
    methods "^1.1.2"
    path-to-regexp "^6.3.0"

accepts@^1.3.5:
  version "1.3.8"
  resolved "http://r.npm.sankuai.com/accepts/download/accepts-1.3.8.tgz"
  integrity sha1-C/C+EltnAUrcsLCSHmLbe//hay4=
  dependencies:
    mime-types "~2.1.34"
    negotiator "0.6.3"

anymatch@~3.1.2:
  version "3.1.3"
  resolved "http://r.npm.sankuai.com/anymatch/download/anymatch-3.1.3.tgz"
  integrity sha1-eQxYsZuhcgqEIFtXxhjVrYUklz4=
  dependencies:
    normalize-path "^3.0.0"
    picomatch "^2.0.4"

aws-ssl-profiles@^1.1.1:
  version "1.1.2"
  resolved "http://r.npm.sankuai.com/aws-ssl-profiles/download/aws-ssl-profiles-1.1.2.tgz"
  integrity sha1-FX3Xfp8ZsdEjZ46T8SDm8ZMCJkE=

balanced-match@^1.0.0:
  version "1.0.2"
  resolved "http://r.npm.sankuai.com/balanced-match/download/balanced-match-1.0.2.tgz"
  integrity sha1-6D46fj8wCzTLnYf2FfoMvzV2kO4=

bignumber.js@9.0.0:
  version "9.0.0"
  resolved "http://r.npm.sankuai.com/bignumber.js/download/bignumber.js-9.0.0.tgz"
  integrity sha1-gFiA+Eoym16sbny2+CdLbYK98HU=

binary-extensions@^2.0.0:
  version "2.3.0"
  resolved "http://r.npm.sankuai.com/binary-extensions/download/binary-extensions-2.3.0.tgz"
  integrity sha1-9uFKl4WNMnJSIAJC1Mz+UixEVSI=

brace-expansion@^1.1.7:
  version "1.1.11"
  resolved "http://r.npm.sankuai.com/brace-expansion/download/brace-expansion-1.1.11.tgz"
  integrity sha1-PH/L9SnYcibz0vUrlm/1Jx60Qd0=
  dependencies:
    balanced-match "^1.0.0"
    concat-map "0.0.1"

braces@~3.0.2:
  version "3.0.3"
  resolved "http://r.npm.sankuai.com/braces/download/braces-3.0.3.tgz"
  integrity sha1-SQMy9AkZRSJy1VqEgK3AxEE1h4k=
  dependencies:
    fill-range "^7.1.1"

buffer-equal-constant-time@1.0.1:
  version "1.0.1"
  resolved "http://r.npm.sankuai.com/buffer-equal-constant-time/download/buffer-equal-constant-time-1.0.1.tgz"
  integrity sha1-+OcRMvf/5uAaXJaXpMbz5I1cyBk=

bytes@3.1.2:
  version "3.1.2"
  resolved "http://r.npm.sankuai.com/bytes/download/bytes-3.1.2.tgz"
  integrity sha1-iwvuuYYFrfGxKPpDhkA8AJ4CIaU=

cache-content-type@^1.0.0:
  version "1.0.1"
  resolved "http://r.npm.sankuai.com/cache-content-type/download/cache-content-type-1.0.1.tgz"
  integrity sha1-A1zeKwjuISn0qDFeqPAKANuhRTw=
  dependencies:
    mime-types "^2.1.18"
    ylru "^1.2.0"

call-bind-apply-helpers@^1.0.1, call-bind-apply-helpers@^1.0.2:
  version "1.0.2"
  resolved "http://r.npm.sankuai.com/call-bind-apply-helpers/download/call-bind-apply-helpers-1.0.2.tgz"
  integrity sha1-S1QowiK+mF15w9gmV0edvgtZstY=
  dependencies:
    es-errors "^1.3.0"
    function-bind "^1.1.2"

call-bound@^1.0.2, call-bound@^1.0.3:
  version "1.0.4"
  resolved "http://r.npm.sankuai.com/call-bound/download/call-bound-1.0.4.tgz"
  integrity sha1-I43pNdKippKSjFOMfM+pEGf9Bio=
  dependencies:
    call-bind-apply-helpers "^1.0.2"
    get-intrinsic "^1.3.0"

chokidar@^3.5.2:
  version "3.6.0"
  resolved "http://r.npm.sankuai.com/chokidar/download/chokidar-3.6.0.tgz"
  integrity sha1-GXxsxmnvKo3F57TZfuTgksPrDVs=
  dependencies:
    anymatch "~3.1.2"
    braces "~3.0.2"
    glob-parent "~5.1.2"
    is-binary-path "~2.1.0"
    is-glob "~4.0.1"
    normalize-path "~3.0.0"
    readdirp "~3.6.0"
  optionalDependencies:
    fsevents "~2.3.2"

co-body@^6.0.0:
  version "6.2.0"
  resolved "http://r.npm.sankuai.com/co-body/download/co-body-6.2.0.tgz"
  integrity sha1-r9d21g5WWfTu6GLfg0mWmOsa6hs=
  dependencies:
    "@hapi/bourne" "^3.0.0"
    inflation "^2.0.0"
    qs "^6.5.2"
    raw-body "^2.3.3"
    type-is "^1.6.16"

co@^4.6.0:
  version "4.6.0"
  resolved "http://r.npm.sankuai.com/co/download/co-4.6.0.tgz"
  integrity sha1-bqa989hTrlTMuOR7+gvz+QMfsYQ=

concat-map@0.0.1:
  version "0.0.1"
  resolved "http://r.npm.sankuai.com/concat-map/download/concat-map-0.0.1.tgz"
  integrity sha1-2Klr13/Wjfd5OnMDajug1UBdR3s=

content-disposition@~0.5.2:
  version "0.5.4"
  resolved "http://r.npm.sankuai.com/content-disposition/download/content-disposition-0.5.4.tgz"
  integrity sha1-i4K076yCUSoCuwsdzsnSxejrW/4=
  dependencies:
    safe-buffer "5.2.1"

content-type@^1.0.4:
  version "1.0.5"
  resolved "http://r.npm.sankuai.com/content-type/download/content-type-1.0.5.tgz"
  integrity sha1-i3cxYmVtHRCGeEyPI6VM5tc9eRg=

cookies@~0.9.0:
  version "0.9.1"
  resolved "http://r.npm.sankuai.com/cookies/download/cookies-0.9.1.tgz"
  integrity sha1-P/7W9gu0+18Ub+7tulCsxBivZ+M=
  dependencies:
    depd "~2.0.0"
    keygrip "~1.1.0"

copy-to@^2.0.1:
  version "2.0.1"
  resolved "http://r.npm.sankuai.com/copy-to/download/copy-to-2.0.1.tgz"
  integrity sha1-JoD7uAaKSNCGVrYJgJK9r8kG9KU=

core-util-is@~1.0.0:
  version "1.0.3"
  resolved "http://r.npm.sankuai.com/core-util-is/download/core-util-is-1.0.3.tgz"
  integrity sha1-pgQtNjTCsn6TKPg3uWX6yDgI24U=

debug@^4, debug@^4.3.2, debug@^4.3.4:
  version "4.4.0"
  resolved "http://r.npm.sankuai.com/debug/download/debug-4.4.0.tgz"
  integrity sha1-Kz8q6i/+t3ZHdGAmc3fchxD6uoo=
  dependencies:
    ms "^2.1.3"

deep-equal@~1.0.1:
  version "1.0.1"
  resolved "http://r.npm.sankuai.com/deep-equal/download/deep-equal-1.0.1.tgz"
  integrity sha1-9dJgKStmDghO/0zbyfCK0yR0SLU=

delegates@^1.0.0:
  version "1.0.0"
  resolved "http://r.npm.sankuai.com/delegates/download/delegates-1.0.0.tgz"
  integrity sha1-hMbhWbgZBP3KWaDvRM2HDTElD5o=

denque@^2.1.0:
  version "2.1.0"
  resolved "http://r.npm.sankuai.com/denque/download/denque-2.1.0.tgz"
  integrity sha1-6T4aZWn7XmbxajwqKWRhfTSdarE=

depd@^2.0.0, depd@~2.0.0, depd@2.0.0:
  version "2.0.0"
  resolved "http://r.npm.sankuai.com/depd/download/depd-2.0.0.tgz"
  integrity sha1-tpYWPMdXVg0JzyLMj60Vcbeedt8=

depd@~1.1.2:
  version "1.1.2"
  resolved "http://r.npm.sankuai.com/depd/download/depd-1.1.2.tgz"
  integrity sha1-m81S4UwJd2PnSbJ0xDRu0uVgtak=

destroy@^1.0.4:
  version "1.2.0"
  resolved "http://r.npm.sankuai.com/destroy/download/destroy-1.2.0.tgz"
  integrity sha1-SANzVQmti+VSk0xn32FPlOZvoBU=

dunder-proto@^1.0.1:
  version "1.0.1"
  resolved "http://r.npm.sankuai.com/dunder-proto/download/dunder-proto-1.0.1.tgz"
  integrity sha1-165mfh3INIL4tw/Q9u78UNow9Yo=
  dependencies:
    call-bind-apply-helpers "^1.0.1"
    es-errors "^1.3.0"
    gopd "^1.2.0"

ecdsa-sig-formatter@1.0.11:
  version "1.0.11"
  resolved "http://r.npm.sankuai.com/ecdsa-sig-formatter/download/ecdsa-sig-formatter-1.0.11.tgz"
  integrity sha1-rg8PothQRe8UqBfao86azQSJ5b8=
  dependencies:
    safe-buffer "^5.0.1"

ee-first@1.1.1:
  version "1.1.1"
  resolved "http://r.npm.sankuai.com/ee-first/download/ee-first-1.1.1.tgz"
  integrity sha1-WQxhFWsK4vTwJVcyoViyZrxWsh0=

encodeurl@^1.0.2:
  version "1.0.2"
  resolved "http://r.npm.sankuai.com/encodeurl/download/encodeurl-1.0.2.tgz"
  integrity sha1-rT/0yG7C0CkyL1oCw6mmBslbP1k=

es-define-property@^1.0.1:
  version "1.0.1"
  resolved "http://r.npm.sankuai.com/es-define-property/download/es-define-property-1.0.1.tgz"
  integrity sha1-mD6y+aZyTpMD9hrd8BHHLgngsPo=

es-errors@^1.3.0:
  version "1.3.0"
  resolved "http://r.npm.sankuai.com/es-errors/download/es-errors-1.3.0.tgz"
  integrity sha1-BfdaJdq5jk+x3NXhRywFRtUFfI8=

es-object-atoms@^1.0.0, es-object-atoms@^1.1.1:
  version "1.1.1"
  resolved "http://r.npm.sankuai.com/es-object-atoms/download/es-object-atoms-1.1.1.tgz"
  integrity sha1-HE8sSDcydZfOadLKGQp/3RcjOME=
  dependencies:
    es-errors "^1.3.0"

escape-html@^1.0.3:
  version "1.0.3"
  resolved "http://r.npm.sankuai.com/escape-html/download/escape-html-1.0.3.tgz"
  integrity sha1-Aljq5NPQwJdN4cFpGI7wBR0dGYg=

fill-range@^7.1.1:
  version "7.1.1"
  resolved "http://r.npm.sankuai.com/fill-range/download/fill-range-7.1.1.tgz"
  integrity sha1-RCZdPKwH4+p9wkdRY4BkN1SgUpI=
  dependencies:
    to-regex-range "^5.0.1"

fresh@~0.5.2:
  version "0.5.2"
  resolved "http://r.npm.sankuai.com/fresh/download/fresh-0.5.2.tgz"
  integrity sha1-PYyt2Q2XZWn6g1qx+OSyOhBWBac=

function-bind@^1.1.2:
  version "1.1.2"
  resolved "http://r.npm.sankuai.com/function-bind/download/function-bind-1.1.2.tgz"
  integrity sha1-LALYZNl/PqbIgwxGTL0Rq26rehw=

generate-function@^2.3.1:
  version "2.3.1"
  resolved "http://r.npm.sankuai.com/generate-function/download/generate-function-2.3.1.tgz"
  integrity sha1-8GlhdpDBDIaOc7hGV0Z2T5fDR58=
  dependencies:
    is-property "^1.0.2"

get-intrinsic@^1.2.5, get-intrinsic@^1.3.0:
  version "1.3.0"
  resolved "http://r.npm.sankuai.com/get-intrinsic/download/get-intrinsic-1.3.0.tgz"
  integrity sha1-dD8OO2lkqTpUke0b/6rgVNf5jQE=
  dependencies:
    call-bind-apply-helpers "^1.0.2"
    es-define-property "^1.0.1"
    es-errors "^1.3.0"
    es-object-atoms "^1.1.1"
    function-bind "^1.1.2"
    get-proto "^1.0.1"
    gopd "^1.2.0"
    has-symbols "^1.1.0"
    hasown "^2.0.2"
    math-intrinsics "^1.1.0"

get-proto@^1.0.0, get-proto@^1.0.1:
  version "1.0.1"
  resolved "http://r.npm.sankuai.com/get-proto/download/get-proto-1.0.1.tgz"
  integrity sha1-FQs/J0OGnvPoUewMSdFbHRTQDuE=
  dependencies:
    dunder-proto "^1.0.1"
    es-object-atoms "^1.0.0"

glob-parent@~5.1.2:
  version "5.1.2"
  resolved "http://r.npm.sankuai.com/glob-parent/download/glob-parent-5.1.2.tgz"
  integrity sha1-hpgyxYA0/mikCTwX3BXoNA2EAcQ=
  dependencies:
    is-glob "^4.0.1"

gopd@^1.2.0:
  version "1.2.0"
  resolved "http://r.npm.sankuai.com/gopd/download/gopd-1.2.0.tgz"
  integrity sha1-ifVrghe9vIgCvSmd9tfxCB1+UaE=

has-flag@^3.0.0:
  version "3.0.0"
  resolved "http://r.npm.sankuai.com/has-flag/download/has-flag-3.0.0.tgz"
  integrity sha1-tdRU3CGZriJWmfNGfloH87lVuv0=

has-symbols@^1.0.3, has-symbols@^1.1.0:
  version "1.1.0"
  resolved "http://r.npm.sankuai.com/has-symbols/download/has-symbols-1.1.0.tgz"
  integrity sha1-/JxqeDoISVHQuXH+EBjegTcHozg=

has-tostringtag@^1.0.2:
  version "1.0.2"
  resolved "http://r.npm.sankuai.com/has-tostringtag/download/has-tostringtag-1.0.2.tgz"
  integrity sha1-LNxC1AvvLltO6rfAGnPFTOerWrw=
  dependencies:
    has-symbols "^1.0.3"

hasown@^2.0.2:
  version "2.0.2"
  resolved "http://r.npm.sankuai.com/hasown/download/hasown-2.0.2.tgz"
  integrity sha1-AD6vkb563DcuhOxZ3DclLO24AAM=
  dependencies:
    function-bind "^1.1.2"

http-assert@^1.3.0:
  version "1.5.0"
  resolved "http://r.npm.sankuai.com/http-assert/download/http-assert-1.5.0.tgz"
  integrity sha1-w4nM2HrBbtLfpiRv1zuSaqAOa48=
  dependencies:
    deep-equal "~1.0.1"
    http-errors "~1.8.0"

http-errors@^1.6.3:
  version "1.8.1"
  resolved "http://r.npm.sankuai.com/http-errors/download/http-errors-1.8.1.tgz"
  integrity sha1-fD8oV3y8iiBziEVdvWIpXtB71ow=
  dependencies:
    depd "~1.1.2"
    inherits "2.0.4"
    setprototypeof "1.2.0"
    statuses ">= 1.5.0 < 2"
    toidentifier "1.0.1"

http-errors@^2.0.0, http-errors@2.0.0:
  version "2.0.0"
  resolved "http://r.npm.sankuai.com/http-errors/download/http-errors-2.0.0.tgz"
  integrity sha1-t3dKFIbvc892Z6ya4IWMASxXudM=
  dependencies:
    depd "2.0.0"
    inherits "2.0.4"
    setprototypeof "1.2.0"
    statuses "2.0.1"
    toidentifier "1.0.1"

http-errors@~1.8.0:
  version "1.8.1"
  resolved "http://r.npm.sankuai.com/http-errors/download/http-errors-1.8.1.tgz"
  integrity sha1-fD8oV3y8iiBziEVdvWIpXtB71ow=
  dependencies:
    depd "~1.1.2"
    inherits "2.0.4"
    setprototypeof "1.2.0"
    statuses ">= 1.5.0 < 2"
    toidentifier "1.0.1"

iconv-lite@^0.6.3:
  version "0.6.3"
  resolved "http://r.npm.sankuai.com/iconv-lite/download/iconv-lite-0.6.3.tgz"
  integrity sha1-pS+AvzjaGVLrXGgXkHGYcaGnJQE=
  dependencies:
    safer-buffer ">= 2.1.2 < 3.0.0"

iconv-lite@0.4.24:
  version "0.4.24"
  resolved "http://r.npm.sankuai.com/iconv-lite/download/iconv-lite-0.4.24.tgz"
  integrity sha1-ICK0sl+93CHS9SSXSkdKr+czkIs=
  dependencies:
    safer-buffer ">= 2.1.2 < 3"

ignore-by-default@^1.0.1:
  version "1.0.1"
  resolved "http://r.npm.sankuai.com/ignore-by-default/download/ignore-by-default-1.0.1.tgz"
  integrity sha1-SMptcvbGo68Aqa1K5odr44ieKwk=

inflation@^2.0.0:
  version "2.1.0"
  resolved "http://r.npm.sankuai.com/inflation/download/inflation-2.1.0.tgz"
  integrity sha1-khTbEaR+b3VtERxPnflpccYPiGw=

inherits@~2.0.3, inherits@2.0.4:
  version "2.0.4"
  resolved "http://r.npm.sankuai.com/inherits/download/inherits-2.0.4.tgz"
  integrity sha1-D6LGT5MpF8NDOg3tVTY6rjdBa3w=

is-binary-path@~2.1.0:
  version "2.1.0"
  resolved "http://r.npm.sankuai.com/is-binary-path/download/is-binary-path-2.1.0.tgz"
  integrity sha1-6h9/O4DwZCNug0cPhsCcJU+0Wwk=
  dependencies:
    binary-extensions "^2.0.0"

is-extglob@^2.1.1:
  version "2.1.1"
  resolved "http://r.npm.sankuai.com/is-extglob/download/is-extglob-2.1.1.tgz"
  integrity sha1-qIwCU1eR8C7TfHahueqXc8gz+MI=

is-generator-function@^1.0.7:
  version "1.1.0"
  resolved "http://r.npm.sankuai.com/is-generator-function/download/is-generator-function-1.1.0.tgz"
  integrity sha1-vz7tqTEgE5T1e126KAD5GiODCco=
  dependencies:
    call-bound "^1.0.3"
    get-proto "^1.0.0"
    has-tostringtag "^1.0.2"
    safe-regex-test "^1.1.0"

is-glob@^4.0.1, is-glob@~4.0.1:
  version "4.0.3"
  resolved "http://r.npm.sankuai.com/is-glob/download/is-glob-4.0.3.tgz"
  integrity sha1-ZPYeQsu7LuwgcanawLKLoeZdUIQ=
  dependencies:
    is-extglob "^2.1.1"

is-number@^7.0.0:
  version "7.0.0"
  resolved "http://r.npm.sankuai.com/is-number/download/is-number-7.0.0.tgz"
  integrity sha1-dTU0W4lnNNX4DE0GxQlVUnoU8Ss=

is-property@^1.0.2:
  version "1.0.2"
  resolved "http://r.npm.sankuai.com/is-property/download/is-property-1.0.2.tgz"
  integrity sha1-V/4cTkhHTt1lsJkR8msc1Ald2oQ=

is-regex@^1.2.1:
  version "1.2.1"
  resolved "http://r.npm.sankuai.com/is-regex/download/is-regex-1.2.1.tgz"
  integrity sha1-dtcKPtEO+b5I61d4h9dCBb8MrSI=
  dependencies:
    call-bound "^1.0.2"
    gopd "^1.2.0"
    has-tostringtag "^1.0.2"
    hasown "^2.0.2"

isarray@~1.0.0:
  version "1.0.0"
  resolved "http://r.npm.sankuai.com/isarray/download/isarray-1.0.0.tgz"
  integrity sha1-u5NdSFgsuhaMBoNJV6VKPgcSTxE=

jsonwebtoken@^9.0.2:
  version "9.0.2"
  resolved "http://r.npm.sankuai.com/jsonwebtoken/download/jsonwebtoken-9.0.2.tgz"
  integrity sha1-Zf+R9KvvF4RpfUCVK7GZjFBMqvM=
  dependencies:
    jws "^3.2.2"
    lodash.includes "^4.3.0"
    lodash.isboolean "^3.0.3"
    lodash.isinteger "^4.0.4"
    lodash.isnumber "^3.0.3"
    lodash.isplainobject "^4.0.6"
    lodash.isstring "^4.0.1"
    lodash.once "^4.0.0"
    ms "^2.1.1"
    semver "^7.5.4"

jwa@^1.4.1:
  version "1.4.1"
  resolved "http://r.npm.sankuai.com/jwa/download/jwa-1.4.1.tgz"
  integrity sha1-dDwymFy56YZVUw1TZBtmyGRbA5o=
  dependencies:
    buffer-equal-constant-time "1.0.1"
    ecdsa-sig-formatter "1.0.11"
    safe-buffer "^5.0.1"

jws@^3.2.2:
  version "3.2.2"
  resolved "http://r.npm.sankuai.com/jws/download/jws-3.2.2.tgz"
  integrity sha1-ABCZ82OUaMlBQADpmZX6UvtHgwQ=
  dependencies:
    jwa "^1.4.1"
    safe-buffer "^5.0.1"

keygrip@~1.1.0:
  version "1.1.0"
  resolved "http://r.npm.sankuai.com/keygrip/download/keygrip-1.1.0.tgz"
  integrity sha1-hxsWgdXhWcYqRFsMdLYV4JF+ciY=
  dependencies:
    tsscmp "1.0.6"

koa-bodyparser@^4.4.1:
  version "4.4.1"
  resolved "http://r.npm.sankuai.com/koa-bodyparser/download/koa-bodyparser-4.4.1.tgz"
  integrity sha1-qQjYSOFCzFfZ7s5HjpMr8A3OMCk=
  dependencies:
    co-body "^6.0.0"
    copy-to "^2.0.1"
    type-is "^1.6.18"

koa-compose@^4.1.0:
  version "4.1.0"
  resolved "http://r.npm.sankuai.com/koa-compose/download/koa-compose-4.1.0.tgz"
  integrity sha1-UHMGuTcZAdtBEhyBLpI9DWfT6Hc=

koa-convert@^2.0.0:
  version "2.0.0"
  resolved "http://r.npm.sankuai.com/koa-convert/download/koa-convert-2.0.0.tgz"
  integrity sha1-hqDETYHUBVG64i/uZwmQRXPupPU=
  dependencies:
    co "^4.6.0"
    koa-compose "^4.1.0"

koa@^2.14.2:
  version "2.16.0"
  resolved "http://r.npm.sankuai.com/koa/download/koa-2.16.0.tgz"
  integrity sha1-CoLtTUYHdP8LRE42HNbkvVx2fuM=
  dependencies:
    accepts "^1.3.5"
    cache-content-type "^1.0.0"
    content-disposition "~0.5.2"
    content-type "^1.0.4"
    cookies "~0.9.0"
    debug "^4.3.2"
    delegates "^1.0.0"
    depd "^2.0.0"
    destroy "^1.0.4"
    encodeurl "^1.0.2"
    escape-html "^1.0.3"
    fresh "~0.5.2"
    http-assert "^1.3.0"
    http-errors "^1.6.3"
    is-generator-function "^1.0.7"
    koa-compose "^4.1.0"
    koa-convert "^2.0.0"
    on-finished "^2.3.0"
    only "~0.0.2"
    parseurl "^1.3.2"
    statuses "^1.5.0"
    type-is "^1.6.16"
    vary "^1.1.2"

koa2-cors@^2.0.6:
  version "2.0.6"
  resolved "http://r.npm.sankuai.com/koa2-cors/download/koa2-cors-2.0.6.tgz"
  integrity sha1-mtI986C5u4RTC0b1lE8/tXYIZVQ=

lodash.includes@^4.3.0:
  version "4.3.0"
  resolved "http://r.npm.sankuai.com/lodash.includes/download/lodash.includes-4.3.0.tgz"
  integrity sha1-YLuYqHy5I8aMoeUTJUgzFISfVT8=

lodash.isboolean@^3.0.3:
  version "3.0.3"
  resolved "http://r.npm.sankuai.com/lodash.isboolean/download/lodash.isboolean-3.0.3.tgz"
  integrity sha1-bC4XHbKiV82WgC/UOwGyDV9YcPY=

lodash.isinteger@^4.0.4:
  version "4.0.4"
  resolved "http://r.npm.sankuai.com/lodash.isinteger/download/lodash.isinteger-4.0.4.tgz"
  integrity sha1-YZwK89A/iwTDH1iChAt3sRzWg0M=

lodash.isnumber@^3.0.3:
  version "3.0.3"
  resolved "http://r.npm.sankuai.com/lodash.isnumber/download/lodash.isnumber-3.0.3.tgz"
  integrity sha1-POdoEMWSjQM1IwGsKHMX8RwLH/w=

lodash.isplainobject@^4.0.6:
  version "4.0.6"
  resolved "http://r.npm.sankuai.com/lodash.isplainobject/download/lodash.isplainobject-4.0.6.tgz"
  integrity sha1-fFJqUtibRcRcxpC4gWO+BJf1UMs=

lodash.isstring@^4.0.1:
  version "4.0.1"
  resolved "http://r.npm.sankuai.com/lodash.isstring/download/lodash.isstring-4.0.1.tgz"
  integrity sha1-1SfftUVuynzJu5XV2ur4i6VKVFE=

lodash.once@^4.0.0:
  version "4.1.1"
  resolved "http://r.npm.sankuai.com/lodash.once/download/lodash.once-4.1.1.tgz"
  integrity sha1-DdOXEhPHxW34gJd9UEyI+0cal6w=

long@^5.2.1:
  version "5.3.1"
  resolved "http://r.npm.sankuai.com/long/download/long-5.3.1.tgz"
  integrity sha1-nUIi0yE/OKXsgJZ0g04PCrIavpY=

lru-cache@^7.14.1:
  version "7.18.3"
  resolved "http://r.npm.sankuai.com/lru-cache/download/lru-cache-7.18.3.tgz"
  integrity sha1-95OJbg/Q6VSlnf3YLwdzgI32qok=

lru.min@^1.0.0:
  version "1.1.2"
  resolved "http://r.npm.sankuai.com/lru.min/download/lru.min-1.1.2.tgz"
  integrity sha1-Ac4dcsxQx/r4vR+Anr8F1DMQIes=

math-intrinsics@^1.1.0:
  version "1.1.0"
  resolved "http://r.npm.sankuai.com/math-intrinsics/download/math-intrinsics-1.1.0.tgz"
  integrity sha1-oN10voHiqlwvJ+Zc4oNgXuTit/k=

media-typer@0.3.0:
  version "0.3.0"
  resolved "http://r.npm.sankuai.com/media-typer/download/media-typer-0.3.0.tgz"
  integrity sha1-hxDXrwqmJvj/+hzgAWhUUmMlV0g=

methods@^1.1.2:
  version "1.1.2"
  resolved "http://r.npm.sankuai.com/methods/download/methods-1.1.2.tgz"
  integrity sha1-VSmk1nZUE07cxSZmVoNbD4Ua/O4=

mime-db@1.52.0:
  version "1.52.0"
  resolved "http://r.npm.sankuai.com/mime-db/download/mime-db-1.52.0.tgz"
  integrity sha1-u6vNwChZ9JhzAchW4zh85exDv3A=

mime-types@^2.1.18, mime-types@~2.1.24, mime-types@~2.1.34:
  version "2.1.35"
  resolved "http://r.npm.sankuai.com/mime-types/download/mime-types-2.1.35.tgz"
  integrity sha1-OBqHG2KnNEUGYK497uRIE/cNlZo=
  dependencies:
    mime-db "1.52.0"

minimatch@^3.1.2:
  version "3.1.2"
  resolved "http://r.npm.sankuai.com/minimatch/download/minimatch-3.1.2.tgz"
  integrity sha1-Gc0ZS/0+Qo8EmnCBfAONiatL41s=
  dependencies:
    brace-expansion "^1.1.7"

ms@^2.1.1, ms@^2.1.3:
  version "2.1.3"
  resolved "http://r.npm.sankuai.com/ms/download/ms-2.1.3.tgz"
  integrity sha1-V0yBOM4dK1hh8LRFedut1gxmFbI=

mysql@^2.18.1:
  version "2.18.1"
  resolved "http://r.npm.sankuai.com/mysql/download/mysql-2.18.1.tgz"
  integrity sha1-IlQUOFXFqMc4JeRSK68uoCF2Zxc=
  dependencies:
    bignumber.js "9.0.0"
    readable-stream "2.3.7"
    safe-buffer "5.1.2"
    sqlstring "2.3.1"

mysql2@^3.6.5:
  version "3.14.0"
  resolved "http://r.npm.sankuai.com/mysql2/download/mysql2-3.14.0.tgz"
  integrity sha1-Wnq1KPMkms4tCsEYDHrB6kC/4gs=
  dependencies:
    aws-ssl-profiles "^1.1.1"
    denque "^2.1.0"
    generate-function "^2.3.1"
    iconv-lite "^0.6.3"
    long "^5.2.1"
    lru.min "^1.0.0"
    named-placeholders "^1.1.3"
    seq-queue "^0.0.5"
    sqlstring "^2.3.2"

named-placeholders@^1.1.3:
  version "1.1.3"
  resolved "http://r.npm.sankuai.com/named-placeholders/download/named-placeholders-1.1.3.tgz"
  integrity sha1-31lXmaNmVNpV3aYVK6ehN60dk1E=
  dependencies:
    lru-cache "^7.14.1"

negotiator@0.6.3:
  version "0.6.3"
  resolved "http://r.npm.sankuai.com/negotiator/download/negotiator-0.6.3.tgz"
  integrity sha1-WOMjpy/twNb5zU0x/kn1FHlZDM0=

nodemon@^3.1.9:
  version "3.1.9"
  resolved "http://r.npm.sankuai.com/nodemon/download/nodemon-3.1.9.tgz"
  integrity sha1-31As3DsSDhw8DG5BUjSQGe+nOHs=
  dependencies:
    chokidar "^3.5.2"
    debug "^4"
    ignore-by-default "^1.0.1"
    minimatch "^3.1.2"
    pstree.remy "^1.1.8"
    semver "^7.5.3"
    simple-update-notifier "^2.0.0"
    supports-color "^5.5.0"
    touch "^3.1.0"
    undefsafe "^2.0.5"

normalize-path@^3.0.0, normalize-path@~3.0.0:
  version "3.0.0"
  resolved "http://r.npm.sankuai.com/normalize-path/download/normalize-path-3.0.0.tgz"
  integrity sha1-Dc1p/yOhybEf0JeDFmRKA4ghamU=

object-inspect@^1.13.3:
  version "1.13.4"
  resolved "http://r.npm.sankuai.com/object-inspect/download/object-inspect-1.13.4.tgz"
  integrity sha1-g3UmXiG8IND6WCwi4bE0hdbgAhM=

on-finished@^2.3.0:
  version "2.4.1"
  resolved "http://r.npm.sankuai.com/on-finished/download/on-finished-2.4.1.tgz"
  integrity sha1-WMjEQRblSEWtV/FKsQsDUzGErD8=
  dependencies:
    ee-first "1.1.1"

only@~0.0.2:
  version "0.0.2"
  resolved "http://r.npm.sankuai.com/only/download/only-0.0.2.tgz"
  integrity sha1-Kv3oTQPlC5qO3EROMGEKcCle37Q=

parseurl@^1.3.2:
  version "1.3.3"
  resolved "http://r.npm.sankuai.com/parseurl/download/parseurl-1.3.3.tgz"
  integrity sha1-naGee+6NEt/wUT7Vt2lXeTvC6NQ=

path-to-regexp@^6.3.0:
  version "6.3.0"
  resolved "http://r.npm.sankuai.com/path-to-regexp/download/path-to-regexp-6.3.0.tgz"
  integrity sha1-K2omozdzeo4UFvknLtB2axwDifQ=

picomatch@^2.0.4, picomatch@^2.2.1:
  version "2.3.1"
  resolved "http://r.npm.sankuai.com/picomatch/download/picomatch-2.3.1.tgz"
  integrity sha1-O6ODNzNkbZ0+SZWUbBNlpn+wekI=

process-nextick-args@~2.0.0:
  version "2.0.1"
  resolved "http://r.npm.sankuai.com/process-nextick-args/download/process-nextick-args-2.0.1.tgz"
  integrity sha1-eCDZsWEgzFXKmud5JoCufbptf+I=

pstree.remy@^1.1.8:
  version "1.1.8"
  resolved "http://r.npm.sankuai.com/pstree.remy/download/pstree.remy-1.1.8.tgz"
  integrity sha1-wkIiT0pnwh9oaDm720rCgrg3PTo=

qs@^6.5.2:
  version "6.14.0"
  resolved "http://r.npm.sankuai.com/qs/download/qs-6.14.0.tgz"
  integrity sha1-xj+kBoDSxclBQSoOiZyJr2DAqTA=
  dependencies:
    side-channel "^1.1.0"

raw-body@^2.3.3:
  version "2.5.2"
  resolved "http://r.npm.sankuai.com/raw-body/download/raw-body-2.5.2.tgz"
  integrity sha1-mf69g7kOCJdQh+jx+UGaFJNmtoo=
  dependencies:
    bytes "3.1.2"
    http-errors "2.0.0"
    iconv-lite "0.4.24"
    unpipe "1.0.0"

readable-stream@2.3.7:
  version "2.3.7"
  resolved "http://r.npm.sankuai.com/readable-stream/download/readable-stream-2.3.7.tgz"
  integrity sha1-Hsoc9xGu+BTAT2IlKjamL2yyO1c=
  dependencies:
    core-util-is "~1.0.0"
    inherits "~2.0.3"
    isarray "~1.0.0"
    process-nextick-args "~2.0.0"
    safe-buffer "~5.1.1"
    string_decoder "~1.1.1"
    util-deprecate "~1.0.1"

readdirp@~3.6.0:
  version "3.6.0"
  resolved "http://r.npm.sankuai.com/readdirp/download/readdirp-3.6.0.tgz"
  integrity sha1-dKNwvYVxFuJFspzJc0DNQxoCpsc=
  dependencies:
    picomatch "^2.2.1"

safe-buffer@^5.0.1, safe-buffer@5.2.1:
  version "5.2.1"
  resolved "http://r.npm.sankuai.com/safe-buffer/download/safe-buffer-5.2.1.tgz"
  integrity sha1-Hq+fqb2x/dTsdfWPnNtOa3gn7sY=

safe-buffer@~5.1.0:
  version "5.1.2"
  resolved "http://r.npm.sankuai.com/safe-buffer/download/safe-buffer-5.1.2.tgz"
  integrity sha1-mR7GnSluAxN0fVm9/St0XDX4go0=

safe-buffer@~5.1.1:
  version "5.1.2"
  resolved "http://r.npm.sankuai.com/safe-buffer/download/safe-buffer-5.1.2.tgz"
  integrity sha1-mR7GnSluAxN0fVm9/St0XDX4go0=

safe-buffer@5.1.2:
  version "5.1.2"
  resolved "http://r.npm.sankuai.com/safe-buffer/download/safe-buffer-5.1.2.tgz"
  integrity sha1-mR7GnSluAxN0fVm9/St0XDX4go0=

safe-regex-test@^1.1.0:
  version "1.1.0"
  resolved "http://r.npm.sankuai.com/safe-regex-test/download/safe-regex-test-1.1.0.tgz"
  integrity sha1-f4fftnoxUHguqvGFg/9dFxGsEME=
  dependencies:
    call-bound "^1.0.2"
    es-errors "^1.3.0"
    is-regex "^1.2.1"

"safer-buffer@>= 2.1.2 < 3", "safer-buffer@>= 2.1.2 < 3.0.0":
  version "2.1.2"
  resolved "http://r.npm.sankuai.com/safer-buffer/download/safer-buffer-2.1.2.tgz"
  integrity sha1-RPoWGwGHuVSd2Eu5GAL5vYOFzWo=

semver@^7.5.3, semver@^7.5.4:
  version "7.7.1"
  resolved "http://r.npm.sankuai.com/semver/download/semver-7.7.1.tgz"
  integrity sha1-q9UJjYKxjGyB9gdP8mR/0+ciDJ8=

seq-queue@^0.0.5:
  version "0.0.5"
  resolved "http://r.npm.sankuai.com/seq-queue/download/seq-queue-0.0.5.tgz"
  integrity sha1-1WgS4cAXpuTnw+Ojeh2m143TyT4=

setprototypeof@1.2.0:
  version "1.2.0"
  resolved "http://r.npm.sankuai.com/setprototypeof/download/setprototypeof-1.2.0.tgz"
  integrity sha1-ZsmiSnP5/CjL5msJ/tPTPcrxtCQ=

side-channel-list@^1.0.0:
  version "1.0.0"
  resolved "http://r.npm.sankuai.com/side-channel-list/download/side-channel-list-1.0.0.tgz"
  integrity sha1-EMtZhCYxFdO3oOM2WR4pCoMK+K0=
  dependencies:
    es-errors "^1.3.0"
    object-inspect "^1.13.3"

side-channel-map@^1.0.1:
  version "1.0.1"
  resolved "http://r.npm.sankuai.com/side-channel-map/download/side-channel-map-1.0.1.tgz"
  integrity sha1-1rtrN5Asb+9RdOX1M/q0xzKib0I=
  dependencies:
    call-bound "^1.0.2"
    es-errors "^1.3.0"
    get-intrinsic "^1.2.5"
    object-inspect "^1.13.3"

side-channel-weakmap@^1.0.2:
  version "1.0.2"
  resolved "http://r.npm.sankuai.com/side-channel-weakmap/download/side-channel-weakmap-1.0.2.tgz"
  integrity sha1-Ed2hnVNo5Azp7CvcH7DsvAeQ7Oo=
  dependencies:
    call-bound "^1.0.2"
    es-errors "^1.3.0"
    get-intrinsic "^1.2.5"
    object-inspect "^1.13.3"
    side-channel-map "^1.0.1"

side-channel@^1.1.0:
  version "1.1.0"
  resolved "http://r.npm.sankuai.com/side-channel/download/side-channel-1.1.0.tgz"
  integrity sha1-w/z/nE2pMnhIczNeyXZfqU/2a8k=
  dependencies:
    es-errors "^1.3.0"
    object-inspect "^1.13.3"
    side-channel-list "^1.0.0"
    side-channel-map "^1.0.1"
    side-channel-weakmap "^1.0.2"

simple-update-notifier@^2.0.0:
  version "2.0.0"
  resolved "http://r.npm.sankuai.com/simple-update-notifier/download/simple-update-notifier-2.0.0.tgz"
  integrity sha1-1wuSvat9bZDf1zkxGVowtuPXzrs=
  dependencies:
    semver "^7.5.3"

sqlstring@^2.3.2:
  version "2.3.3"
  resolved "http://r.npm.sankuai.com/sqlstring/download/sqlstring-2.3.3.tgz"
  integrity sha1-Ldwh8DvOLDh+1gaA5zmSLGV1HQw=

sqlstring@2.3.1:
  version "2.3.1"
  resolved "http://r.npm.sankuai.com/sqlstring/download/sqlstring-2.3.1.tgz"
  integrity sha1-R1OT/56RR5rqYtyvDKPRSYOn+0A=

statuses@^1.5.0, "statuses@>= 1.5.0 < 2":
  version "1.5.0"
  resolved "http://r.npm.sankuai.com/statuses/download/statuses-1.5.0.tgz"
  integrity sha1-Fhx9rBd2Wf2YEfQ3cfqZOBR4Yow=

statuses@2.0.1:
  version "2.0.1"
  resolved "http://r.npm.sankuai.com/statuses/download/statuses-2.0.1.tgz"
  integrity sha1-VcsADM8dSHKL0jxoWgY5mM8aG2M=

string_decoder@~1.1.1:
  version "1.1.1"
  resolved "http://r.npm.sankuai.com/string_decoder/download/string_decoder-1.1.1.tgz"
  integrity sha1-nPFhG6YmhdcDCunkujQUnDrwP8g=
  dependencies:
    safe-buffer "~5.1.0"

supports-color@^5.5.0:
  version "5.5.0"
  resolved "http://r.npm.sankuai.com/supports-color/download/supports-color-5.5.0.tgz"
  integrity sha1-4uaaRKyHcveKHsCzW2id9lMO/I8=
  dependencies:
    has-flag "^3.0.0"

to-regex-range@^5.0.1:
  version "5.0.1"
  resolved "http://r.npm.sankuai.com/to-regex-range/download/to-regex-range-5.0.1.tgz"
  integrity sha1-FkjESq58jZiKMmAY7XL1tN0DkuQ=
  dependencies:
    is-number "^7.0.0"

toidentifier@1.0.1:
  version "1.0.1"
  resolved "http://r.npm.sankuai.com/toidentifier/download/toidentifier-1.0.1.tgz"
  integrity sha1-O+NDIaiKgg7RvYDfqjPkefu43TU=

touch@^3.1.0:
  version "3.1.1"
  resolved "http://r.npm.sankuai.com/touch/download/touch-3.1.1.tgz"
  integrity sha1-CXoj17FhR2Q15cE0SpXA91tKVpQ=

tsscmp@1.0.6:
  version "1.0.6"
  resolved "http://r.npm.sankuai.com/tsscmp/download/tsscmp-1.0.6.tgz"
  integrity sha1-hbmVg6w1iexL/vgltQAKqRHWBes=

type-is@^1.6.16, type-is@^1.6.18:
  version "1.6.18"
  resolved "http://r.npm.sankuai.com/type-is/download/type-is-1.6.18.tgz"
  integrity sha1-TlUs0F3wlGfcvE73Od6J8s83wTE=
  dependencies:
    media-typer "0.3.0"
    mime-types "~2.1.24"

undefsafe@^2.0.5:
  version "2.0.5"
  resolved "http://r.npm.sankuai.com/undefsafe/download/undefsafe-2.0.5.tgz"
  integrity sha1-OHM7kye9zSJtuIn7cjpu/RYubiw=

unpipe@1.0.0:
  version "1.0.0"
  resolved "http://r.npm.sankuai.com/unpipe/download/unpipe-1.0.0.tgz"
  integrity sha1-sr9O6FFKrmFltIF4KdIbLvSZBOw=

util-deprecate@~1.0.1:
  version "1.0.2"
  resolved "http://r.npm.sankuai.com/util-deprecate/download/util-deprecate-1.0.2.tgz"
  integrity sha1-RQ1Nyfpw3nMnYvvS1KKJgUGaDM8=

vary@^1.1.2:
  version "1.1.2"
  resolved "http://r.npm.sankuai.com/vary/download/vary-1.1.2.tgz"
  integrity sha1-IpnwLG3tMNSllhsLn3RSShj2NPw=

ylru@^1.2.0:
  version "1.4.0"
  resolved "http://r.npm.sankuai.com/ylru/download/ylru-1.4.0.tgz"
  integrity sha1-DPCqV+nCT4osveDMHKLJWSrE4PY=
